
Microsoft Visual Studio Solution File, Format Version 12.00
# Visual Studio 15
VisualStudioVersion = 15.0.28307.489
MinimumVisualStudioVersion = 10.0.40219.1
Project("{FAE04EC0-301F-11D3-BF4B-00C04F79EFBC}") = "TowerOfHanoi", "TowerOfHanoi\TowerOfHanoi.csproj", "{B544EE5F-C58A-4809-A3AC-6E8006645557}"
EndProject
Global
	GlobalSection(SolutionConfigurationPlatforms) = preSolution
		Debug|Any CPU = Debug|Any CPU
		Release|Any CPU = Release|Any CPU
	EndGlobalSection
	GlobalSection(ProjectConfigurationPlatforms) = postSolution
		{B544EE5F-C58A-4809-A3AC-6E8006645557}.Debug|Any CPU.ActiveCfg = Debug|Any CPU
		{B544EE5F-C58A-4809-A3AC-6E8006645557}.Debug|Any CPU.Build.0 = Debug|Any CPU
		{B544EE5F-C58A-4809-A3AC-6E8006645557}.Release|Any CPU.ActiveCfg = Release|Any CPU
		{B544EE5F-C58A-4809-A3AC-6E8006645557}.Release|Any CPU.Build.0 = Release|Any CPU
	EndGlobalSection
	GlobalSection(SolutionProperties) = preSolution
		HideSolutionNode = FALSE
	EndGlobalSection
	GlobalSection(ExtensibilityGlobals) = postSolution
		SolutionGuid = {5F8D12F4-676A-4120-81A8-80E59792C6A8}
	EndGlobalSection
EndGlobal
